
Microsoft Visual Studio Solution File, Format Version 12.00
# Visual Studio Version 16
VisualStudioVersion = 16.0.31205.134
MinimumVisualStudioVersion = 10.0.40219.1
Project("{FAE04EC0-301F-11D3-BF4B-00C04F79EFBC}") = "WinFormsApp1", "WinFormsApp1.csproj", "{9B3B5750-D0DB-43D2-B9AA-A32F597BF8C9}"
EndProject
Global
	GlobalSection(SolutionConfigurationPlatforms) = preSolution
		Debug|Any CPU = Debug|Any CPU
		Release|Any CPU = Release|Any CPU
	EndGlobalSection
	GlobalSection(ProjectConfigurationPlatforms) = postSolution
		{9B3B5750-D0DB-43D2-B9AA-A32F597BF8C9}.Debug|Any CPU.ActiveCfg = Debug|Any CPU
		{9B3B5750-D0DB-43D2-B9AA-A32F597BF8C9}.Debug|Any CPU.Build.0 = Debug|Any CPU
		{9B3B5750-D0DB-43D2-B9AA-A32F597BF8C9}.Release|Any CPU.ActiveCfg = Release|Any CPU
		{9B3B5750-D0DB-43D2-B9AA-A32F597BF8C9}.Release|Any CPU.Build.0 = Release|Any CPU
	EndGlobalSection
	GlobalSection(SolutionProperties) = preSolution
		HideSolutionNode = FALSE
	EndGlobalSection
	GlobalSection(ExtensibilityGlobals) = postSolution
		SolutionGuid = {2379421F-23C9-497C-9A67-D592083B387C}
	EndGlobalSection
EndGlobal
